
Microsoft Visual Studio Solution File, Format Version 12.00
# Visual Studio 15
VisualStudioVersion = 15.0.28307.1267
MinimumVisualStudioVersion = 10.0.40219.1
Project("{FAE04EC0-301F-11D3-BF4B-00C04F79EFBC}") = "PokemonEffectiveness", "PokemonEffectiveness\PokemonEffectiveness.csproj", "{366A400A-E266-432C-879A-E380D7EBB885}"
EndProject
Global
	GlobalSection(SolutionConfigurationPlatforms) = preSolution
		Debug|Any CPU = Debug|Any CPU
		Release|Any CPU = Release|Any CPU
	EndGlobalSection
	GlobalSection(ProjectConfigurationPlatforms) = postSolution
		{366A400A-E266-432C-879A-E380D7EBB885}.Debug|Any CPU.ActiveCfg = Debug|Any CPU
		{366A400A-E266-432C-879A-E380D7EBB885}.Debug|Any CPU.Build.0 = Debug|Any CPU
		{366A400A-E266-432C-879A-E380D7EBB885}.Release|Any CPU.ActiveCfg = Release|Any CPU
		{366A400A-E266-432C-879A-E380D7EBB885}.Release|Any CPU.Build.0 = Release|Any CPU
	EndGlobalSection
	GlobalSection(SolutionProperties) = preSolution
		HideSolutionNode = FALSE
	EndGlobalSection
	GlobalSection(ExtensibilityGlobals) = postSolution
		SolutionGuid = {43D681DB-3E91-4F73-943F-CBDD6E5170F2}
	EndGlobalSection
EndGlobal
